
Microsoft Visual Studio Solution File, Format Version 12.00
# Visual Studio Version 16
VisualStudioVersion = 16.0.31112.23
MinimumVisualStudioVersion = 10.0.40219.1
Project("{FAE04EC0-301F-11D3-BF4B-00C04F79EFBC}") = "EComeAdminUI", "EComeAdminUI\EComeAdminUI.csproj", "{F8091FE9-6F9E-4E3D-B835-A0CA89EACFFF}"
EndProject
Global
	GlobalSection(SolutionConfigurationPlatforms) = preSolution
		Debug|Any CPU = Debug|Any CPU
		Release|Any CPU = Release|Any CPU
	EndGlobalSection
	GlobalSection(ProjectConfigurationPlatforms) = postSolution
		{F8091FE9-6F9E-4E3D-B835-A0CA89EACFFF}.Debug|Any CPU.ActiveCfg = Debug|Any CPU
		{F8091FE9-6F9E-4E3D-B835-A0CA89EACFFF}.Debug|Any CPU.Build.0 = Debug|Any CPU
		{F8091FE9-6F9E-4E3D-B835-A0CA89EACFFF}.Release|Any CPU.ActiveCfg = Release|Any CPU
		{F8091FE9-6F9E-4E3D-B835-A0CA89EACFFF}.Release|Any CPU.Build.0 = Release|Any CPU
	EndGlobalSection
	GlobalSection(SolutionProperties) = preSolution
		HideSolutionNode = FALSE
	EndGlobalSection
	GlobalSection(ExtensibilityGlobals) = postSolution
		SolutionGuid = {EFAEF362-2B84-4237-9992-FCB50B3C14FF}
	EndGlobalSection
EndGlobal
